// !$*UTF8*$!
{
	archiveVersion = 1;
	classes = {
	};
	objectVersion = 46;
	objects = {

/* Begin PBXBuildFile section */
		266726B01C2CE55C00F9569B /* main.m in Sources */ = {isa = PBXBuildFile; fileRef = 266726AF1C2CE55C00F9569B /* main.m */; };
		266726B31C2CE55C00F9569B /* AppDelegate.m in Sources */ = {isa = PBXBuildFile; fileRef = 266726B21C2CE55C00F9569B /* AppDelegate.m */; };
		266726B61C2CE55C00F9569B /* ViewController.m in Sources */ = {isa = PBXBuildFile; fileRef = 266726B51C2CE55C00F9569B /* ViewController.m */; };
		266726B91C2CE55C00F9569B /* Main.storyboard in Resources */ = {isa = PBXBuildFile; fileRef = 266726B71C2CE55C00F9569B /* Main.storyboard */; };
		266726BB1C2CE55C00F9569B /* Assets.xcassets in Resources */ = {isa = PBXBuildFile; fileRef = 266726BA1C2CE55C00F9569B /* Assets.xcassets */; };
		266726BE1C2CE55C00F9569B /* LaunchScreen.storyboard in Resources */ = {isa = PBXBuildFile; fileRef = 266726BC1C2CE55C00F9569B /* LaunchScreen.storyboard */; };
		266726C91C2CE55C00F9569B /* TestDemoTests.m in Sources */ = {isa = PBXBuildFile; fileRef = 266726C81C2CE55C00F9569B /* TestDemoTests.m */; };
		266726D41C2CE55C00F9569B /* TestDemoUITests.m in Sources */ = {isa = PBXBuildFile; fileRef = 266726D31C2CE55C00F9569B /* TestDemoUITests.m */; };
		2E0F7F1F6A2DC822401D4F3E /* libPods.a in Frameworks */ = {isa = PBXBuildFile; fileRef = 104DAD5D17BF8C30665FF8D9 /* libPods.a */; };
/* End PBXBuildFile section */

/* Begin PBXContainerItemProxy section */
		266726C51C2CE55C00F9569B /* PBXContainerItemProxy */ = {
			isa = PBXContainerItemProxy;
			containerPortal = 266726A31C2CE55C00F9569B /* Project object */;
			proxyType = 1;
			remoteGlobalIDString = 266726AA1C2CE55C00F9569B;
			remoteInfo = TestDemo;
		};
		266726D01C2CE55C00F9569B /* PBXContainerItemProxy */ = {
			isa = PBXContainerItemProxy;
			containerPortal = 266726A31C2CE55C00F9569B /* Project object */;
			proxyType = 1;
			remoteGlobalIDString = 266726AA1C2CE55C00F9569B;
			remoteInfo = TestDemo;
		};
/* End PBXContainerItemProxy section */

/* Begin PBXFileReference section */
		0EB23FDB188C1749CA0094DB /* Pods.debug.xcconfig */ = {isa = PBXFileReference; includeInIndex = 1; lastKnownFileType = text.xcconfig; name = Pods.debug.xcconfig; path = "Pods/Target Support Files/Pods/Pods.debug.xcconfig"; sourceTree = "<group>"; };
		104DAD5D17BF8C30665FF8D9 /* libPods.a */ = {isa = PBXFileReference; explicitFileType = archive.ar; includeInIndex = 0; path = libPods.a; sourceTree = BUILT_PRODUCTS_DIR; };
		266726AB1C2CE55C00F9569B /* TestDemo.app */ = {isa = PBXFileReference; explicitFileType = wrapper.application; includeInIndex = 0; path = TestDemo.app; sourceTree = BUILT_PRODUCTS_DIR; };
		266726AF1C2CE55C00F9569B /* main.m */ = {isa = PBXFileReference; lastKnownFileType = sourcecode.c.objc; path = main.m; sourceTree = "<group>"; };
		266726B11C2CE55C00F9569B /* AppDelegate.h */ = {isa = PBXFileReference; lastKnownFileType = sourcecode.c.h; path = AppDelegate.h; sourceTree = "<group>"; };
		266726B21C2CE55C00F9569B /* AppDelegate.m */ = {isa = PBXFileReference; lastKnownFileType = sourcecode.c.objc; path = AppDelegate.m; sourceTree = "<group>"; };
		266726B41C2CE55C00F9569B /* ViewController.h */ = {isa = PBXFileReference; lastKnownFileType = sourcecode.c.h; path = ViewController.h; sourceTree = "<group>"; };
		266726B51C2CE55C00F9569B /* ViewController.m */ = {isa = PBXFileReference; lastKnownFileType = sourcecode.c.objc; path = ViewController.m; sourceTree = "<group>"; };
		266726B81C2CE55C00F9569B /* Base */ = {isa = PBXFileReference; lastKnownFileType = file.storyboard; name = Base; path = Base.lproj/Main.storyboard; sourceTree = "<group>"; };
		266726BA1C2CE55C00F9569B /* Assets.xcassets */ = {isa = PBXFileReference; lastKnownFileType = folder.assetcatalog; path = Assets.xcassets; sourceTree = "<group>"; };
		266726BD1C2CE55C00F9569B /* Base */ = {isa = PBXFileReference; lastKnownFileType = file.storyboard; name = Base; path = Base.lproj/LaunchScreen.storyboard; sourceTree = "<group>"; };
		266726BF1C2CE55C00F9569B /* Info.plist */ = {isa = PBXFileReference; lastKnownFileType = text.plist.xml; path = Info.plist; sourceTree = "<group>"; };
		266726C41C2CE55C00F9569B /* TestDemoTests.xctest */ = {isa = PBXFileReference; explicitFileType = wrapper.cfbundle; includeInIndex = 0; path = TestDemoTests.xctest; sourceTree = BUILT_PRODUCTS_DIR; };
		266726C81C2CE55C00F9569B /* TestDemoTests.m */ = {isa = PBXFileReference; lastKnownFileType = sourcecode.c.objc; path = TestDemoTests.m; sourceTree = "<group>"; };
		266726CA1C2CE55C00F9569B /* Info.plist */ = {isa = PBXFileReference; lastKnownFileType = text.plist.xml; path = Info.plist; sourceTree = "<group>"; };
		266726CF1C2CE55C00F9569B /* TestDemoUITests.xctest */ = {isa = PBXFileReference; explicitFileType = wrapper.cfbundle; includeInIndex = 0; path = TestDemoUITests.xctest; sourceTree = BUILT_PRODUCTS_DIR; };
		266726D31C2CE55C00F9569B /* TestDemoUITests.m */ = {isa = PBXFileReference; lastKnownFileType = sourcecode.c.objc; path = TestDemoUITests.m; sourceTree = "<group>"; };
		266726D51C2CE55C00F9569B /* Info.plist */ = {isa = PBXFileReference; lastKnownFileType = text.plist.xml; path = Info.plist; sourceTree = "<group>"; };
		94C6FFBBF7EAEEBDD2AD21E2 /* Pods.release.xcconfig */ = {isa = PBXFileReference; includeInIndex = 1; lastKnownFileType = text.xcconfig; name = Pods.release.xcconfig; path = "Pods/Target Support Files/Pods/Pods.release.xcconfig"; sourceTree = "<group>"; };
/* End PBXFileReference section */

/* Begin PBXFrameworksBuildPhase section */
		266726A81C2CE55C00F9569B /* Frameworks */ = {
			isa = PBXFrameworksBuildPhase;
			buildActionMask = 2147483647;
			files = (
				2E0F7F1F6A2DC822401D4F3E /* libPods.a in Frameworks */,
			);
			runOnlyForDeploymentPostprocessing = 0;
		};
		266726C11C2CE55C00F9569B /* Frameworks */ = {
			isa = PBXFrameworksBuildPhase;
			buildActionMask = 2147483647;
			files = (
			);
			runOnlyForDeploymentPostprocessing = 0;
		};
		266726CC1C2CE55C00F9569B /* Frameworks */ = {
			isa = PBXFrameworksBuildPhase;
			buildActionMask = 2147483647;
			files = (
			);
			runOnlyForDeploymentPostprocessing = 0;
		};
/* End PBXFrameworksBuildPhase section */

/* Begin PBXGroup section */
		17F0C375C658DE74A70FFD49 /* Pods */ = {
			isa = PBXGroup;
			children = (
				0EB23FDB188C1749CA0094DB /* Pods.debug.xcconfig */,
				94C6FFBBF7EAEEBDD2AD21E2 /* Pods.release.xcconfig */,
			);
			name = Pods;
			sourceTree = "<group>";
		};
		266726A21C2CE55C00F9569B = {
			isa = PBXGroup;
			children = (
				266726AD1C2CE55C00F9569B /* TestDemo */,
				266726C71C2CE55C00F9569B /* TestDemoTests */,
				266726D21C2CE55C00F9569B /* TestDemoUITests */,
				266726AC1C2CE55C00F9569B /* Products */,
				17F0C375C658DE74A70FFD49 /* Pods */,
				47DED660D9853395545782B5 /* Frameworks */,
			);
			sourceTree = "<group>";
		};
		266726AC1C2CE55C00F9569B /* Products */ = {
			isa = PBXGroup;
			children = (
				266726AB1C2CE55C00F9569B /* TestDemo.app */,
				266726C41C2CE55C00F9569B /* TestDemoTests.xctest */,
				266726CF1C2CE55C00F9569B /* TestDemoUITests.xctest */,
			);
			name = Products;
			sourceTree = "<group>";
		};
		266726AD1C2CE55C00F9569B /* TestDemo */ = {
			isa = PBXGroup;
			children = (
				266726B11C2CE55C00F9569B /* AppDelegate.h */,
				266726B21C2CE55C00F9569B /* AppDelegate.m */,
				266726B41C2CE55C00F9569B /* ViewController.h */,
				266726B51C2CE55C00F9569B /* ViewController.m */,
				266726B71C2CE55C00F9569B /* Main.storyboard */,
				266726BA1C2CE55C00F9569B /* Assets.xcassets */,
				266726BC1C2CE55C00F9569B /* LaunchScreen.storyboard */,
				266726BF1C2CE55C00F9569B /* Info.plist */,
				266726AE1C2CE55C00F9569B /* Supporting Files */,
			);
			path = TestDemo;
			sourceTree = "<group>";
		};
		266726AE1C2CE55C00F9569B /* Supporting Files */ = {
			isa = PBXGroup;
			children = (
				266726AF1C2CE55C00F9569B /* main.m */,
			);
			name = "Supporting Files";
			sourceTree = "<group>";
		};
		266726C71C2CE55C00F9569B /* TestDemoTests */ = {
			isa = PBXGroup;
			children = (
				266726C81C2CE55C00F9569B /* TestDemoTests.m */,
				266726CA1C2CE55C00F9569B /* Info.plist */,
			);
			path = TestDemoTests;
			sourceTree = "<group>";
		};
		266726D21C2CE55C00F9569B /* TestDemoUITests */ = {
			isa = PBXGroup;
			children = (
				266726D31C2CE55C00F9569B /* TestDemoUITests.m */,
				266726D51C2CE55C00F9569B /* Info.plist */,
			);
			path = TestDemoUITests;
			sourceTree = "<group>";
		};
		47DED660D9853395545782B5 /* Frameworks */ = {
			isa = PBXGroup;
			children = (
				104DAD5D17BF8C30665FF8D9 /* libPods.a */,
			);
			name = Frameworks;
			sourceTree = "<group>";
		};
/* End PBXGroup section */

/* Begin PBXNativeTarget section */
		266726AA1C2CE55C00F9569B /* TestDemo */ = {
			isa = PBXNativeTarget;
			buildConfigurationList = 266726D81C2CE55C00F9569B /* Build configuration list for PBXNativeTarget "TestDemo" */;
			buildPhases = (
				B0F8F758688F8386EE322709 /* Check Pods Manifest.lock */,
				266726A71C2CE55C00F9569B /* Sources */,
				266726A81C2CE55C00F9569B /* Frameworks */,
				266726A91C2CE55C00F9569B /* Resources */,
				ADC10CE4B251DB877C56BF5D /* Copy Pods Resources */,
			);
			buildRules = (
			);
			dependencies = (
			);
			name = TestDemo;
			productName = TestDemo;
			productReference = 266726AB1C2CE55C00F9569B /* TestDemo.app */;
			productType = "com.apple.product-type.application";
		};
		266726C31C2CE55C00F9569B /* TestDemoTests */ = {
			isa = PBXNativeTarget;
			buildConfigurationList = 266726DB1C2CE55C00F9569B /* Build configuration list for PBXNativeTarget "TestDemoTests" */;
			buildPhases = (
				266726C01C2CE55C00F9569B /* Sources */,
				266726C11C2CE55C00F9569B /* Frameworks */,
				266726C21C2CE55C00F9569B /* Resources */,
			);
			buildRules = (
			);
			dependencies = (
				266726C61C2CE55C00F9569B /* PBXTargetDependency */,
			);
			name = TestDemoTests;
			productName = TestDemoTests;
			productReference = 266726C41C2CE55C00F9569B /* TestDemoTests.xctest */;
			productType = "com.apple.product-type.bundle.unit-test";
		};
		266726CE1C2CE55C00F9569B /* TestDemoUITests */ = {
			isa = PBXNativeTarget;
			buildConfigurationList = 266726DE1C2CE55C00F9569B /* Build configuration list for PBXNativeTarget "TestDemoUITests" */;
			buildPhases = (
				266726CB1C2CE55C00F9569B /* Sources */,
				266726CC1C2CE55C00F9569B /* Frameworks */,
				266726CD1C2CE55C00F9569B /* Resources */,
			);
			buildRules = (
			);
			dependencies = (
				266726D11C2CE55C00F9569B /* PBXTargetDependency */,
			);
			name = TestDemoUITests;
			productName = TestDemoUITests;
			productReference = 266726CF1C2CE55C00F9569B /* TestDemoUITests.xctest */;
			productType = "com.apple.product-type.bundle.ui-testing";
		};
/* End PBXNativeTarget section */

/* Begin PBXProject section */
		266726A31C2CE55C00F9569B /* Project object */ = {
			isa = PBXProject;
			attributes = {
				LastUpgradeCheck = 0710;
				ORGANIZATIONNAME = lizhihui;
				TargetAttributes = {
					266726AA1C2CE55C00F9569B = {
						CreatedOnToolsVersion = 7.1;
					};
					266726C31C2CE55C00F9569B = {
						CreatedOnToolsVersion = 7.1;
						TestTargetID = 266726AA1C2CE55C00F9569B;
					};
					266726CE1C2CE55C00F9569B = {
						CreatedOnToolsVersion = 7.1;
						TestTargetID = 266726AA1C2CE55C00F9569B;
					};
				};
			};
			buildConfigurationList = 266726A61C2CE55C00F9569B /* Build configuration list for PBXProject "TestDemo" */;
			compatibilityVersion = "Xcode 3.2";
			developmentRegion = English;
			hasScannedForEncodings = 0;
			knownRegions = (
				en,
				Base,
			);
			mainGroup = 266726A21C2CE55C00F9569B;
			productRefGroup = 266726AC1C2CE55C00F9569B /* Products */;
			projectDirPath = "";
			projectRoot = "";
			targets = (
				266726AA1C2CE55C00F9569B /* TestDemo */,
				266726C31C2CE55C00F9569B /* TestDemoTests */,
				266726CE1C2CE55C00F9569B /* TestDemoUITests */,
			);
		};
/* End PBXProject section */

/* Begin PBXResourcesBuildPhase section */
		266726A91C2CE55C00F9569B /* Resources */ = {
			isa = PBXResourcesBuildPhase;
			buildActionMask = 2147483647;
			files = (
				266726BE1C2CE55C00F9569B /* LaunchScreen.storyboard in Resources */,
				266726BB1C2CE55C00F9569B /* Assets.xcassets in Resources */,
				266726B91C2CE55C00F9569B /* Main.storyboard in Resources */,
			);
			runOnlyForDeploymentPostprocessing = 0;
		};
		266726C21C2CE55C00F9569B /* Resources */ = {
			isa = PBXResourcesBuildPhase;
			buildActionMask = 2147483647;
			files = (
			);
			runOnlyForDeploymentPostprocessing = 0;
		};
		266726CD1C2CE55C00F9569B /* Resources */ = {
			isa = PBXResourcesBuildPhase;
			buildActionMask = 2147483647;
			files = (
			);
			runOnlyForDeploymentPostprocessing = 0;
		};
/* End PBXResourcesBuildPhase section */

/* Begin PBXShellScriptBuildPhase section */
		ADC10CE4B251DB877C56BF5D /* Copy Pods Resources */ = {
			isa = PBXShellScriptBuildPhase;
			buildActionMask = 2147483647;
			files = (
			);
			inputPaths = (
			);
			name = "Copy Pods Resources";
			outputPaths = (
			);
			runOnlyForDeploymentPostprocessing = 0;
			shellPath = /bin/sh;
			shellScript = "\"${SRCROOT}/Pods/Target Support Files/Pods/Pods-resources.sh\"\n";
			showEnvVarsInLog = 0;
		};
		B0F8F758688F8386EE322709 /* Check Pods Manifest.lock */ = {
			isa = PBXShellScriptBuildPhase;
			buildActionMask = 2147483647;
			files = (
			);
			inputPaths = (
			);
			name = "Check Pods Manifest.lock";
			outputPaths = (
			);
			runOnlyForDeploymentPostprocessing = 0;
			shellPath = /bin/sh;
			shellScript = "diff \"${PODS_ROOT}/../Podfile.lock\" \"${PODS_ROOT}/Manifest.lock\" > /dev/null\nif [[ $? != 0 ]] ; then\n    cat << EOM\nerror: The sandbox is not in sync with the Podfile.lock. Run 'pod install' or update your CocoaPods installation.\nEOM\n    exit 1\nfi\n";
			showEnvVarsInLog = 0;
		};
/* End PBXShellScriptBuildPhase section */

/* Begin PBXSourcesBuildPhase section */
		266726A71C2CE55C00F9569B /* Sources */ = {
			isa = PBXSourcesBuildPhase;
			buildActionMask = 2147483647;
			files = (
				266726B61C2CE55C00F9569B /* ViewController.m in Sources */,
				266726B31C2CE55C00F9569B /* AppDelegate.m in Sources */,
				266726B01C2CE55C00F9569B /* main.m in Sources */,
			);
			runOnlyForDeploymentPostprocessing = 0;
		};
		266726C01C2CE55C00F9569B /* Sources */ = {
			isa = PBXSourcesBuildPhase;
			buildActionMask = 2147483647;
			files = (
				266726C91C2CE55C00F9569B /* TestDemoTests.m in Sources */,
			);
			runOnlyForDeploymentPostprocessing = 0;
		};
		266726CB1C2CE55C00F9569B /* Sources */ = {
			isa = PBXSourcesBuildPhase;
			buildActionMask = 2147483647;
			files = (
				266726D41C2CE55C00F9569B /* TestDemoUITests.m in Sources */,
			);
			runOnlyForDeploymentPostprocessing = 0;
		};
/* End PBXSourcesBuildPhase section */

/* Begin PBXTargetDependency section */
		266726C61C2CE55C00F9569B /* PBXTargetDependency */ = {
			isa = PBXTargetDependency;
			target = 266726AA1C2CE55C00F9569B /* TestDemo */;
			targetProxy = 266726C51C2CE55C00F9569B /* PBXContainerItemProxy */;
		};
		266726D11C2CE55C00F9569B /* PBXTargetDependency */ = {
			isa = PBXTargetDependency;
			target = 266726AA1C2CE55C00F9569B /* TestDemo */;
			targetProxy = 266726D01C2CE55C00F9569B /* PBXContainerItemProxy */;
		};
/* End PBXTargetDependency section */

/* Begin PBXVariantGroup section */
		266726B71C2CE55C00F9569B /* Main.storyboard */ = {
			isa = PBXVariantGroup;
			children = (
				266726B81C2CE55C00F9569B /* Base */,
			);
			name = Main.storyboard;
			sourceTree = "<group>";
		};
		266726BC1C2CE55C00F9569B /* LaunchScreen.storyboard */ = {
			isa = PBXVariantGroup;
			children = (
				266726BD1C2CE55C00F9569B /* Base */,
			);
			name = LaunchScreen.storyboard;
			sourceTree = "<group>";
		};
/* End PBXVariantGroup section */

/* Begin XCBuildConfiguration section */
		266726D61C2CE55C00F9569B /* Debug */ = {
			isa = XCBuildConfiguration;
			buildSettings = {
				ALWAYS_SEARCH_USER_PATHS = NO;
				CLANG_CXX_LANGUAGE_STANDARD = "gnu++0x";
				CLANG_CXX_LIBRARY = "libc++";
				CLANG_ENABLE_MODULES = YES;
				CLANG_ENABLE_OBJC_ARC = YES;
				CLANG_WARN_BOOL_CONVERSION = YES;
				CLANG_WARN_CONSTANT_CONVERSION = YES;
				CLANG_WARN_DIRECT_OBJC_ISA_USAGE = YES_ERROR;
				CLANG_WARN_EMPTY_BODY = YES;
				CLANG_WARN_ENUM_CONVERSION = YES;
				CLANG_WARN_INT_CONVERSION = YES;
				CLANG_WARN_OBJC_ROOT_CLASS = YES_ERROR;
				CLANG_WARN_UNREACHABLE_CODE = YES;
				CLANG_WARN__DUPLICATE_METHOD_MATCH = YES;
				"CODE_SIGN_IDENTITY[sdk=iphoneos*]" = "iPhone Developer";
				COPY_PHASE_STRIP = NO;
				DEBUG_INFORMATION_FORMAT = dwarf;
				ENABLE_STRICT_OBJC_MSGSEND = YES;
				ENABLE_TESTABILITY = YES;
				GCC_C_LANGUAGE_STANDARD = gnu99;
				GCC_DYNAMIC_NO_PIC = NO;
				GCC_NO_COMMON_BLOCKS = YES;
				GCC_OPTIMIZATION_LEVEL = 0;
				GCC_PREPROCESSOR_DEFINITIONS = (
					"DEBUG=1",
					"$(inherited)",
				);
				GCC_WARN_64_TO_32_BIT_CONVERSION = YES;
				GCC_WARN_ABOUT_RETURN_TYPE = YES_ERROR;
				GCC_WARN_UNDECLARED_SELECTOR = YES;
				GCC_WARN_UNINITIALIZED_AUTOS = YES_AGGRESSIVE;
				GCC_WARN_UNUSED_FUNCTION = YES;
				GCC_WARN_UNUSED_VARIABLE = YES;
				IPHONEOS_DEPLOYMENT_TARGET = 9.1;
				MTL_ENABLE_DEBUG_INFO = YES;
				ONLY_ACTIVE_ARCH = YES;
				SDKROOT = iphoneos;
				TARGETED_DEVICE_FAMILY = "1,2";
			};
			name = Debug;
		};
		266726D71C2CE55C00F9569B /* Release */ = {
			isa = XCBuildConfiguration;
			buildSettings = {
				ALWAYS_SEARCH_USER_PATHS = NO;
				CLANG_CXX_LANGUAGE_STANDARD = "gnu++0x";
				CLANG_CXX_LIBRARY = "libc++";
				CLANG_ENABLE_MODULES = YES;
				CLANG_ENABLE_OBJC_ARC = YES;
				CLANG_WARN_BOOL_CONVERSION = YES;
				CLANG_WARN_CONSTANT_CONVERSION = YES;
				CLANG_WARN_DIRECT_OBJC_ISA_USAGE = YES_ERROR;
				CLANG_WARN_EMPTY_BODY = YES;
				CLANG_WARN_ENUM_CONVERSION = YES;
				CLANG_WARN_INT_CONVERSION = YES;
				CLANG_WARN_OBJC_ROOT_CLASS = YES_ERROR;
				CLANG_WARN_UNREACHABLE_CODE = YES;
				CLANG_WARN__DUPLICATE_METHOD_MATCH = YES;
				"CODE_SIGN_IDENTITY[sdk=iphoneos*]" = "iPhone Developer";
				COPY_PHASE_STRIP = NO;
				DEBUG_INFORMATION_FORMAT = "dwarf-with-dsym";
				ENABLE_NS_ASSERTIONS = NO;
				ENABLE_STRICT_OBJC_MSGSEND = YES;
				GCC_C_LANGUAGE_STANDARD = gnu99;
				GCC_NO_COMMON_BLOCKS = YES;
				GCC_WARN_64_TO_32_BIT_CONVERSION = YES;
				GCC_WARN_ABOUT_RETURN_TYPE = YES_ERROR;
				GCC_WARN_UNDECLARED_SELECTOR = YES;
				GCC_WARN_UNINITIALIZED_AUTOS = YES_AGGRESSIVE;
				GCC_WARN_UNUSED_FUNCTION = YES;
				GCC_WARN_UNUSED_VARIABLE = YES;
				IPHONEOS_DEPLOYMENT_TARGET = 9.1;
				MTL_ENABLE_DEBUG_INFO = NO;
				SDKROOT = iphoneos;
				TARGETED_DEVICE_FAMILY = "1,2";
				VALIDATE_PRODUCT = YES;
			};
			name = Release;
		};
		266726D91C2CE55C00F9569B /* Debug */ = {
			isa = XCBuildConfiguration;
			baseConfigurationReference = 0EB23FDB188C1749CA0094DB /* Pods.debug.xcconfig */;
			buildSettings = {
				ASSETCATALOG_COMPILER_APPICON_NAME = AppIcon;
				FRAMEWORK_SEARCH_PATHS = (
					"$(inherited)",
					"$(PROJECT_DIR)/TestDemo",
				);
				INFOPLIST_FILE = TestDemo/Info.plist;
				LD_RUNPATH_SEARCH_PATHS = "$(inherited) @executable_path/Frameworks";
				PRODUCT_BUNDLE_IDENTIFIER = com.sobot.TestDemo;
				PRODUCT_NAME = "$(TARGET_NAME)";
			};
			name = Debug;
		};
		266726DA1C2CE55C00F9569B /* Release */ = {
			isa = XCBuildConfiguration;
			baseConfigurationReference = 94C6FFBBF7EAEEBDD2AD21E2 /* Pods.release.xcconfig */;
			buildSettings = {
				ASSETCATALOG_COMPILER_APPICON_NAME = AppIcon;
				FRAMEWORK_SEARCH_PATHS = (
					"$(inherited)",
					"$(PROJECT_DIR)/TestDemo",
				);
				INFOPLIST_FILE = TestDemo/Info.plist;
				LD_RUNPATH_SEARCH_PATHS = "$(inherited) @executable_path/Frameworks";
				PRODUCT_BUNDLE_IDENTIFIER = com.sobot.TestDemo;
				PRODUCT_NAME = "$(TARGET_NAME)";
			};
			name = Release;
		};
		266726DC1C2CE55C00F9569B /* Debug */ = {
			isa = XCBuildConfiguration;
			buildSettings = {
				BUNDLE_LOADER = "$(TEST_HOST)";
				INFOPLIST_FILE = TestDemoTests/Info.plist;
				LD_RUNPATH_SEARCH_PATHS = "$(inherited) @executable_path/Frameworks @loader_path/Frameworks";
				PRODUCT_BUNDLE_IDENTIFIER = com.sobot.TestDemoTests;
				PRODUCT_NAME = "$(TARGET_NAME)";
				TEST_HOST = "$(BUILT_PRODUCTS_DIR)/TestDemo.app/TestDemo";
			};
			name = Debug;
		};
		266726DD1C2CE55C00F9569B /* Release */ = {
			isa = XCBuildConfiguration;
			buildSettings = {
				BUNDLE_LOADER = "$(TEST_HOST)";
				INFOPLIST_FILE = TestDemoTests/Info.plist;
				LD_RUNPATH_SEARCH_PATHS = "$(inherited) @executable_path/Frameworks @loader_path/Frameworks";
				PRODUCT_BUNDLE_IDENTIFIER = com.sobot.TestDemoTests;
				PRODUCT_NAME = "$(TARGET_NAME)";
				TEST_HOST = "$(BUILT_PRODUCTS_DIR)/TestDemo.app/TestDemo";
			};
			name = Release;
		};
		266726DF1C2CE55C00F9569B /* Debug */ = {
			isa = XCBuildConfiguration;
			buildSettings = {
				INFOPLIST_FILE = TestDemoUITests/Info.plist;
				LD_RUNPATH_SEARCH_PATHS = "$(inherited) @executable_path/Frameworks @loader_path/Frameworks";
				PRODUCT_BUNDLE_IDENTIFIER = com.sobot.TestDemoUITests;
				PRODUCT_NAME = "$(TARGET_NAME)";
				TEST_TARGET_NAME = TestDemo;
				USES_XCTRUNNER = YES;
			};
			name = Debug;
		};
		266726E01C2CE55C00F9569B /* Release */ = {
			isa = XCBuildConfiguration;
			buildSettings = {
				INFOPLIST_FILE = TestDemoUITests/Info.plist;
				LD_RUNPATH_SEARCH_PATHS = "$(inherited) @executable_path/Frameworks @loader_path/Frameworks";
				PRODUCT_BUNDLE_IDENTIFIER = com.sobot.TestDemoUITests;
				PRODUCT_NAME = "$(TARGET_NAME)";
				TEST_TARGET_NAME = TestDemo;
				USES_XCTRUNNER = YES;
			};
			name = Release;
		};
/* End XCBuildConfiguration section */

/* Begin XCConfigurationList section */
		266726A61C2CE55C00F9569B /* Build configuration list for PBXProject "TestDemo" */ = {
			isa = XCConfigurationList;
			buildConfigurations = (
				266726D61C2CE55C00F9569B /* Debug */,
				266726D71C2CE55C00F9569B /* Release */,
			);
			defaultConfigurationIsVisible = 0;
			defaultConfigurationName = Release;
		};
		266726D81C2CE55C00F9569B /* Build configuration list for PBXNativeTarget "TestDemo" */ = {
			isa = XCConfigurationList;
			buildConfigurations = (
				266726D91C2CE55C00F9569B /* Debug */,
				266726DA1C2CE55C00F9569B /* Release */,
			);
			defaultConfigurationIsVisible = 0;
			defaultConfigurationName = Release;
		};
		266726DB1C2CE55C00F9569B /* Build configuration list for PBXNativeTarget "TestDemoTests" */ = {
			isa = XCConfigurationList;
			buildConfigurations = (
				266726DC1C2CE55C00F9569B /* Debug */,
				266726DD1C2CE55C00F9569B /* Release */,
			);
			defaultConfigurationIsVisible = 0;
			defaultConfigurationName = Release;
		};
		266726DE1C2CE55C00F9569B /* Build configuration list for PBXNativeTarget "TestDemoUITests" */ = {
			isa = XCConfigurationList;
			buildConfigurations = (
				266726DF1C2CE55C00F9569B /* Debug */,
				266726E01C2CE55C00F9569B /* Release */,
			);
			defaultConfigurationIsVisible = 0;
			defaultConfigurationName = Release;
		};
/* End XCConfigurationList section */
	};
	rootObject = 266726A31C2CE55C00F9569B /* Project object */;
}
